
Microsoft Visual Studio Solution File, Format Version 12.00
# Visual Studio Version 17
VisualStudioVersion = 17.14.36310.24
MinimumVisualStudioVersion = 10.0.40219.1
Project("{FAE04EC0-301F-11D3-BF4B-00C04F79EFBC}") = "StickyNotes", "StickyNotes.csproj", "{026BA1BC-FF5D-4468-896C-C439C8CCC2B0}"
EndProject
Global
	GlobalSection(SolutionConfigurationPlatforms) = preSolution
		Debug|Any CPU = Debug|Any CPU
		Release|Any CPU = Release|Any CPU
	EndGlobalSection
	GlobalSection(ProjectConfigurationPlatforms) = postSolution
		{026BA1BC-FF5D-4468-896C-C439C8CCC2B0}.Debug|Any CPU.ActiveCfg = Debug|Any CPU
		{026BA1BC-FF5D-4468-896C-C439C8CCC2B0}.Debug|Any CPU.Build.0 = Debug|Any CPU
		{026BA1BC-FF5D-4468-896C-C439C8CCC2B0}.Release|Any CPU.ActiveCfg = Release|Any CPU
		{026BA1BC-FF5D-4468-896C-C439C8CCC2B0}.Release|Any CPU.Build.0 = Release|Any CPU
	EndGlobalSection
	GlobalSection(SolutionProperties) = preSolution
		HideSolutionNode = FALSE
	EndGlobalSection
	GlobalSection(ExtensibilityGlobals) = postSolution
		SolutionGuid = {68FE8C63-E4B7-4683-82BC-94420D6F3616}
	EndGlobalSection
EndGlobal
